Microsoft Visual Studio Solution File, Format Version 12.00
# Visual Studio Version 17
VisualStudioVersion = 17.5.2.0
MinimumVisualStudioVersion = 10.0.40219.1
Project("{FAE04EC0-301F-11D3-BF4B-00C04F79EFBC}") = "PinAuthApi", "PinAuthApi.csproj", "{00C472C7-B658-86DE-8781-DDF66BCDA748}"
EndProject
Global
	GlobalSection(SolutionConfigurationPlatforms) = preSolution
		Debug|Any CPU = Debug|Any CPU
		Release|Any CPU = Release|Any CPU
	EndGlobalSection
	GlobalSection(ProjectConfigurationPlatforms) = postSolution
		{00C472C7-B658-86DE-8781-DDF66BCDA748}.Debug|Any CPU.ActiveCfg = Debug|Any CPU
		{00C472C7-B658-86DE-8781-DDF66BCDA748}.Debug|Any CPU.Build.0 = Debug|Any CPU
		{00C472C7-B658-86DE-8781-DDF66BCDA748}.Release|Any CPU.ActiveCfg = Release|Any CPU
		{00C472C7-B658-86DE-8781-DDF66BCDA748}.Release|Any CPU.Build.0 = Release|Any CPU
	EndGlobalSection
	GlobalSection(SolutionProperties) = preSolution
		HideSolutionNode = FALSE
	EndGlobalSection
	GlobalSection(ExtensibilityGlobals) = postSolution
		SolutionGuid = {5CA19F5D-B240-41CD-9422-EAD8DDD0479F}
	EndGlobalSection
EndGlobal
